
Microsoft Visual Studio Solution File, Format Version 12.00
# Visual Studio Version 16
VisualStudioVersion = 16.0.31624.102
MinimumVisualStudioVersion = 10.0.40219.1
Project("{FAE04EC0-301F-11D3-BF4B-00C04F79EFBC}") = "Sample05", "Sample05\Sample05.csproj", "{F584C5D8-1577-4012-B874-20434E2DF7FF}"
EndProject
Global
	GlobalSection(SolutionConfigurationPlatforms) = preSolution
		Debug|Any CPU = Debug|Any CPU
		Release|Any CPU = Release|Any CPU
	EndGlobalSection
	GlobalSection(ProjectConfigurationPlatforms) = postSolution
		{F584C5D8-1577-4012-B874-20434E2DF7FF}.Debug|Any CPU.ActiveCfg = Debug|Any CPU
		{F584C5D8-1577-4012-B874-20434E2DF7FF}.Debug|Any CPU.Build.0 = Debug|Any CPU
		{F584C5D8-1577-4012-B874-20434E2DF7FF}.Release|Any CPU.ActiveCfg = Release|Any CPU
		{F584C5D8-1577-4012-B874-20434E2DF7FF}.Release|Any CPU.Build.0 = Release|Any CPU
	EndGlobalSection
	GlobalSection(SolutionProperties) = preSolution
		HideSolutionNode = FALSE
	EndGlobalSection
	GlobalSection(ExtensibilityGlobals) = postSolution
		SolutionGuid = {A834378F-201F-40D9-B3EF-E1676A86DC81}
	EndGlobalSection
EndGlobal
