
Microsoft Visual Studio Solution File, Format Version 12.00
# Visual Studio Version 16
VisualStudioVersion = 16.0.31624.102
MinimumVisualStudioVersion = 10.0.40219.1
Project("{FAE04EC0-301F-11D3-BF4B-00C04F79EFBC}") = "Sample01", "Sample01\Sample01.csproj", "{49EC32FE-2436-46DD-9882-743E2CC69818}"
EndProject
Global
	GlobalSection(SolutionConfigurationPlatforms) = preSolution
		Debug|Any CPU = Debug|Any CPU
		Release|Any CPU = Release|Any CPU
	EndGlobalSection
	GlobalSection(ProjectConfigurationPlatforms) = postSolution
		{49EC32FE-2436-46DD-9882-743E2CC69818}.Debug|Any CPU.ActiveCfg = Debug|Any CPU
		{49EC32FE-2436-46DD-9882-743E2CC69818}.Debug|Any CPU.Build.0 = Debug|Any CPU
		{49EC32FE-2436-46DD-9882-743E2CC69818}.Release|Any CPU.ActiveCfg = Release|Any CPU
		{49EC32FE-2436-46DD-9882-743E2CC69818}.Release|Any CPU.Build.0 = Release|Any CPU
	EndGlobalSection
	GlobalSection(SolutionProperties) = preSolution
		HideSolutionNode = FALSE
	EndGlobalSection
	GlobalSection(ExtensibilityGlobals) = postSolution
		SolutionGuid = {BE6B98E3-F6D7-4AFF-B9BB-7F866CB64F77}
	EndGlobalSection
EndGlobal
